
Microsoft Visual Studio Solution File, Format Version 12.00
# Visual Studio Version 16
VisualStudioVersion = 16.0.30104.148
MinimumVisualStudioVersion = 10.0.40219.1
Project("{FAE04EC0-301F-11D3-BF4B-00C04F79EFBC}") = "BookList Razor", "BookList Razor\BookList Razor.csproj", "{108E49FE-0B61-4C3E-8E25-1F5B18691FF9}"
EndProject
Global
	GlobalSection(SolutionConfigurationPlatforms) = preSolution
		Debug|Any CPU = Debug|Any CPU
		Release|Any CPU = Release|Any CPU
	EndGlobalSection
	GlobalSection(ProjectConfigurationPlatforms) = postSolution
		{108E49FE-0B61-4C3E-8E25-1F5B18691FF9}.Debug|Any CPU.ActiveCfg = Debug|Any CPU
		{108E49FE-0B61-4C3E-8E25-1F5B18691FF9}.Debug|Any CPU.Build.0 = Debug|Any CPU
		{108E49FE-0B61-4C3E-8E25-1F5B18691FF9}.Release|Any CPU.ActiveCfg = Release|Any CPU
		{108E49FE-0B61-4C3E-8E25-1F5B18691FF9}.Release|Any CPU.Build.0 = Release|Any CPU
	EndGlobalSection
	GlobalSection(SolutionProperties) = preSolution
		HideSolutionNode = FALSE
	EndGlobalSection
	GlobalSection(ExtensibilityGlobals) = postSolution
		SolutionGuid = {A1868A55-2A26-4FB3-8B60-6987A0509A4F}
	EndGlobalSection
EndGlobal
